# This file is automatically @generated by Poetry 1.8.3 and should not be changed by hand.

[[package]]
name = "mkdocs-glightbox"
version = "0.4.0"
description = "MkDocs plugin supports image lightbox with GLightbox."
optional = false
python-versions = "*"
files = [
    {file = "mkdocs-glightbox-0.4.0.tar.gz", hash = "sha256:392b34207bf95991071a16d5f8916d1d2f2cd5d5bb59ae2997485ccd778c70d9"},
    {file = "mkdocs_glightbox-0.4.0-py3-none-any.whl", hash = "sha256:e0107beee75d3eb7380ac06ea2d6eac94c999eaa49f8c3cbab0e7be2ac006ccf"},
]

[metadata]
lock-version = "2.0"
python-versions = "^3.11"
content-hash = "6c43d1eefc5b0a1edc2e45b6d7ca7bad3b8e3a4343e9e1392b270b1e5033e3df"
